
Microsoft Visual Studio Solution File, Format Version 12.00
# Visual Studio Version 17
VisualStudioVersion = 17.6.33829.357
MinimumVisualStudioVersion = 10.0.40219.1
Project("{FAE04EC0-301F-11D3-BF4B-00C04F79EFBC}") = "BolalarBogchasi", "BolalarBogchasi\BolalarBogchasi.csproj", "{0E0E6740-A160-4538-BDDA-692FCE772789}"
EndProject
Global
	GlobalSection(SolutionConfigurationPlatforms) = preSolution
		Debug|Any CPU = Debug|Any CPU
		Release|Any CPU = Release|Any CPU
	EndGlobalSection
	GlobalSection(ProjectConfigurationPlatforms) = postSolution
		{0E0E6740-A160-4538-BDDA-692FCE772789}.Debug|Any CPU.ActiveCfg = Debug|Any CPU
		{0E0E6740-A160-4538-BDDA-692FCE772789}.Debug|Any CPU.Build.0 = Debug|Any CPU
		{0E0E6740-A160-4538-BDDA-692FCE772789}.Release|Any CPU.ActiveCfg = Release|Any CPU
		{0E0E6740-A160-4538-BDDA-692FCE772789}.Release|Any CPU.Build.0 = Release|Any CPU
	EndGlobalSection
	GlobalSection(SolutionProperties) = preSolution
		HideSolutionNode = FALSE
	EndGlobalSection
	GlobalSection(ExtensibilityGlobals) = postSolution
		SolutionGuid = {914CE076-D2EC-40B7-900D-5BE51947F158}
	EndGlobalSection
EndGlobal
